
Microsoft Visual Studio Solution File, Format Version 12.00
# Visual Studio Version 16
VisualStudioVersion = 16.0.29519.181
MinimumVisualStudioVersion = 10.0.40219.1
Project("{FAE04EC0-301F-11D3-BF4B-00C04F79EFBC}") = "AdventOfCode", "AdventOfCode\AdventOfCode.csproj", "{91A20EDC-9CBB-4E81-8972-01E51649C99C}"
EndProject
Project("{FAE04EC0-301F-11D3-BF4B-00C04F79EFBC}") = "AdventOfCode.Test", "AdventOfCode.Test\AdventOfCode.Test.csproj", "{741BC4B8-6415-4E17-873C-A276BFFAC89D}"
EndProject
Global
	GlobalSection(SolutionConfigurationPlatforms) = preSolution
		Debug|Any CPU = Debug|Any CPU
		Release|Any CPU = Release|Any CPU
	EndGlobalSection
	GlobalSection(ProjectConfigurationPlatforms) = postSolution
		{91A20EDC-9CBB-4E81-8972-01E51649C99C}.Debug|Any CPU.ActiveCfg = Debug|Any CPU
		{91A20EDC-9CBB-4E81-8972-01E51649C99C}.Debug|Any CPU.Build.0 = Debug|Any CPU
		{91A20EDC-9CBB-4E81-8972-01E51649C99C}.Release|Any CPU.ActiveCfg = Release|Any CPU
		{91A20EDC-9CBB-4E81-8972-01E51649C99C}.Release|Any CPU.Build.0 = Release|Any CPU
		{741BC4B8-6415-4E17-873C-A276BFFAC89D}.Debug|Any CPU.ActiveCfg = Debug|Any CPU
		{741BC4B8-6415-4E17-873C-A276BFFAC89D}.Debug|Any CPU.Build.0 = Debug|Any CPU
		{741BC4B8-6415-4E17-873C-A276BFFAC89D}.Release|Any CPU.ActiveCfg = Release|Any CPU
		{741BC4B8-6415-4E17-873C-A276BFFAC89D}.Release|Any CPU.Build.0 = Release|Any CPU
	EndGlobalSection
	GlobalSection(SolutionProperties) = preSolution
		HideSolutionNode = FALSE
	EndGlobalSection
	GlobalSection(ExtensibilityGlobals) = postSolution
		SolutionGuid = {84CCDF70-D135-4082-9C09-9116192863A7}
	EndGlobalSection
EndGlobal
